<?xml version="1.0" encoding="UTF-8" standalone="yes" ?>
<CodeBlocks_project_file>
	<FileVersion major="1" minor="6" />
	<Project>
		<Option title="CoClip" />
		<Option pch_mode="2" />
		<Option compiler="gcc" />
		<Build>
			<Target title="Debug">
				<Option output="bin/Debug/CoClip" prefix_auto="1" extension_auto="1" />
				<Option object_output="obj/Debug/" />
				<Option type="1" />
				<Option compiler="gcc" />
				<Compiler>
					<Add option="-g" />
					<Add directory="$(#boost.include)" />
				</Compiler>
				<Linker>
					<Add directory="$(#boost.lib)" />
				</Linker>
			</Target>
			<Target title="Release">
				<Option output="bin/Release/CoClip" prefix_auto="1" extension_auto="1" />
				<Option object_output="obj/Release/" />
				<Option type="1" />
				<Option compiler="gcc" />
				<Compiler>
					<Add option="-O2" />
				</Compiler>
				<Linker>
					<Add option="-s" />
				</Linker>
			</Target>
		</Build>
		<Compiler>
			<Add option="-Wall" />
			<Add option="-fexceptions" />
		</Compiler>
		<Unit filename="CoClipConstants.h" />
		<Unit filename="CoClipDataStructures.h" />
		<Unit filename="CoClipNetworking.h" />
		<Unit filename="IPC_Signaling.h" />
		<Unit filename="P2P_TCP.h" />
		<Unit filename="PlatformSpecifics.h" />
		<Unit filename="Timestamping.cpp" />
		<Unit filename="Timestamping.h" />
		<Unit filename="WWW_TCP.h" />
		<Unit filename="main.cpp" />
		<Extensions>
			<code_completion />
			<envvars />
			<debugger />
			<lib_finder disable_auto="1" />
			<DoxyBlocks>
				<comment_style block="0" line="0" />
				<doxyfile_project />
				<doxyfile_build />
				<doxyfile_warnings />
				<doxyfile_output />
				<doxyfile_dot />
				<general />
			</DoxyBlocks>
		</Extensions>
	</Project>
</CodeBlocks_project_file>
